
Microsoft Visual Studio Solution File, Format Version 12.00
# Visual Studio Version 16
VisualStudioVersion = 16.0.32002.261
MinimumVisualStudioVersion = 10.0.40219.1
Project("{FAE04EC0-301F-11D3-BF4B-00C04F79EFBC}") = "BankEncapsulationExercise", "BankEncapsulationExercise\BankEncapsulationExercise.csproj", "{6A6EE0AE-4336-4DAC-8301-49DFF899C81E}"
EndProject
Global
	GlobalSection(SolutionConfigurationPlatforms) = preSolution
		Debug|Any CPU = Debug|Any CPU
		Release|Any CPU = Release|Any CPU
	EndGlobalSection
	GlobalSection(ProjectConfigurationPlatforms) = postSolution
		{6A6EE0AE-4336-4DAC-8301-49DFF899C81E}.Debug|Any CPU.ActiveCfg = Debug|Any CPU
		{6A6EE0AE-4336-4DAC-8301-49DFF899C81E}.Debug|Any CPU.Build.0 = Debug|Any CPU
		{6A6EE0AE-4336-4DAC-8301-49DFF899C81E}.Release|Any CPU.ActiveCfg = Release|Any CPU
		{6A6EE0AE-4336-4DAC-8301-49DFF899C81E}.Release|Any CPU.Build.0 = Release|Any CPU
	EndGlobalSection
	GlobalSection(SolutionProperties) = preSolution
		HideSolutionNode = FALSE
	EndGlobalSection
	GlobalSection(ExtensibilityGlobals) = postSolution
		SolutionGuid = {5E97E6F7-B8C9-4EDC-B11C-F001E4AA0B80}
	EndGlobalSection
EndGlobal
